
Microsoft Visual Studio Solution File, Format Version 12.00
# Visual Studio Version 16
VisualStudioVersion = 16.0.30011.22
MinimumVisualStudioVersion = 10.0.40219.1
Project("{FAE04EC0-301F-11D3-BF4B-00C04F79EFBC}") = "BlazingTwist_Core", "BlazingTwist_Core.csproj", "{24B9178C-8C9F-46A5-9597-9D84EC12F4FB}"
EndProject
Global
	GlobalSection(SolutionConfigurationPlatforms) = preSolution
		Debug|Any CPU = Debug|Any CPU
		Deploy|Any CPU = Deploy|Any CPU
		Release|Any CPU = Release|Any CPU
	EndGlobalSection
	GlobalSection(ProjectConfigurationPlatforms) = postSolution
		{24B9178C-8C9F-46A5-9597-9D84EC12F4FB}.Debug|Any CPU.ActiveCfg = Debug|Any CPU
		{24B9178C-8C9F-46A5-9597-9D84EC12F4FB}.Debug|Any CPU.Build.0 = Debug|Any CPU
		{24B9178C-8C9F-46A5-9597-9D84EC12F4FB}.Deploy|Any CPU.ActiveCfg = Deploy|Any CPU
		{24B9178C-8C9F-46A5-9597-9D84EC12F4FB}.Deploy|Any CPU.Build.0 = Deploy|Any CPU
		{24B9178C-8C9F-46A5-9597-9D84EC12F4FB}.Release|Any CPU.ActiveCfg = Release|Any CPU
		{24B9178C-8C9F-46A5-9597-9D84EC12F4FB}.Release|Any CPU.Build.0 = Release|Any CPU
	EndGlobalSection
	GlobalSection(SolutionProperties) = preSolution
		HideSolutionNode = FALSE
	EndGlobalSection
	GlobalSection(ExtensibilityGlobals) = postSolution
		SolutionGuid = {EFCDE95F-999C-4330-8352-26A7461B2027}
	EndGlobalSection
EndGlobal
