
Microsoft Visual Studio Solution File, Format Version 12.00
# Visual Studio Version 16
VisualStudioVersion = 16.0.30011.22
MinimumVisualStudioVersion = 10.0.40219.1
Project("{FAE04EC0-301F-11D3-BF4B-00C04F79EFBC}") = "SoD_BepInEx_Runtime", "SoD_BepInEx_Runtime.csproj", "{773985A2-B1BD-4DD6-A3CC-91FD56EF01A8}"
EndProject
Global
	GlobalSection(SolutionConfigurationPlatforms) = preSolution
		Debug|Any CPU = Debug|Any CPU
		Release|Any CPU = Release|Any CPU
	EndGlobalSection
	GlobalSection(ProjectConfigurationPlatforms) = postSolution
		{773985A2-B1BD-4DD6-A3CC-91FD56EF01A8}.Debug|Any CPU.ActiveCfg = Debug|Any CPU
		{773985A2-B1BD-4DD6-A3CC-91FD56EF01A8}.Debug|Any CPU.Build.0 = Debug|Any CPU
		{773985A2-B1BD-4DD6-A3CC-91FD56EF01A8}.Release|Any CPU.ActiveCfg = Release|Any CPU
		{773985A2-B1BD-4DD6-A3CC-91FD56EF01A8}.Release|Any CPU.Build.0 = Release|Any CPU
	EndGlobalSection
	GlobalSection(SolutionProperties) = preSolution
		HideSolutionNode = FALSE
	EndGlobalSection
	GlobalSection(ExtensibilityGlobals) = postSolution
		SolutionGuid = {29FF0648-F634-4836-A4C4-658BDDFCC331}
	EndGlobalSection
EndGlobal
